
Microsoft Visual Studio Solution File, Format Version 12.00
# Visual Studio Version 17
VisualStudioVersion = 17.3.32825.248
MinimumVisualStudioVersion = 10.0.40219.1
Project("{FAE04EC0-301F-11D3-BF4B-00C04F79EFBC}") = "PS-Scholz_Veronica", "PS-Scholz_Veronica\PS-Scholz_Veronica.csproj", "{685D5803-A359-451A-8223-A26EBE8B9E44}"
EndProject
Global
	GlobalSection(SolutionConfigurationPlatforms) = preSolution
		Debug|Any CPU = Debug|Any CPU
		Release|Any CPU = Release|Any CPU
	EndGlobalSection
	GlobalSection(ProjectConfigurationPlatforms) = postSolution
		{685D5803-A359-451A-8223-A26EBE8B9E44}.Debug|Any CPU.ActiveCfg = Debug|Any CPU
		{685D5803-A359-451A-8223-A26EBE8B9E44}.Debug|Any CPU.Build.0 = Debug|Any CPU
		{685D5803-A359-451A-8223-A26EBE8B9E44}.Release|Any CPU.ActiveCfg = Release|Any CPU
		{685D5803-A359-451A-8223-A26EBE8B9E44}.Release|Any CPU.Build.0 = Release|Any CPU
	EndGlobalSection
	GlobalSection(SolutionProperties) = preSolution
		HideSolutionNode = FALSE
	EndGlobalSection
	GlobalSection(ExtensibilityGlobals) = postSolution
		SolutionGuid = {A69FB0A3-ACA2-4E1F-988E-49634465BBB9}
	EndGlobalSection
EndGlobal
